
Microsoft Visual Studio Solution File, Format Version 12.00
# Visual Studio Version 17
VisualStudioVersion = 17.8.34408.163
MinimumVisualStudioVersion = 10.0.40219.1
Project("{9A19103F-16F7-4668-BE54-9A1E7A4F7556}") = "ProductoService", "ProductoService\ProductoService.csproj", "{7F45FBC9-37C4-4267-A322-1BE3D9943F58}"
EndProject
Project("{FAE04EC0-301F-11D3-BF4B-00C04F79EFBC}") = "VentaService", "VentaService\VentaService.csproj", "{C8EBA4AD-A70C-4684-B204-B723E1B27206}"
EndProject
Global
	GlobalSection(SolutionConfigurationPlatforms) = preSolution
		Debug|Any CPU = Debug|Any CPU
		Release|Any CPU = Release|Any CPU
	EndGlobalSection
	GlobalSection(ProjectConfigurationPlatforms) = postSolution
		{7F45FBC9-37C4-4267-A322-1BE3D9943F58}.Debug|Any CPU.ActiveCfg = Debug|Any CPU
		{7F45FBC9-37C4-4267-A322-1BE3D9943F58}.Debug|Any CPU.Build.0 = Debug|Any CPU
		{7F45FBC9-37C4-4267-A322-1BE3D9943F58}.Release|Any CPU.ActiveCfg = Release|Any CPU
		{7F45FBC9-37C4-4267-A322-1BE3D9943F58}.Release|Any CPU.Build.0 = Release|Any CPU
		{C8EBA4AD-A70C-4684-B204-B723E1B27206}.Debug|Any CPU.ActiveCfg = Debug|Any CPU
		{C8EBA4AD-A70C-4684-B204-B723E1B27206}.Debug|Any CPU.Build.0 = Debug|Any CPU
		{C8EBA4AD-A70C-4684-B204-B723E1B27206}.Release|Any CPU.ActiveCfg = Release|Any CPU
		{C8EBA4AD-A70C-4684-B204-B723E1B27206}.Release|Any CPU.Build.0 = Release|Any CPU
	EndGlobalSection
	GlobalSection(SolutionProperties) = preSolution
		HideSolutionNode = FALSE
	EndGlobalSection
	GlobalSection(ExtensibilityGlobals) = postSolution
		SolutionGuid = {16F5F992-4B21-431D-BDEF-866A3E1C75A7}
	EndGlobalSection
EndGlobal
